// !$*UTF8*$!
{
	archiveVersion = 1;
	classes = {
	};
	objectVersion = 50;
	objects = {

/* Begin PBXBuildFile section */
		3333E73021ED1C5A007211E4 /* AppDelegate.swift in Sources */ = {isa = PBXBuildFile; fileRef = 3333E72F21ED1C5A007211E4 /* AppDelegate.swift */; };
		3333E73521ED1C5A007211E4 /* Main.storyboard in Resources */ = {isa = PBXBuildFile; fileRef = 3333E73321ED1C5A007211E4 /* Main.storyboard */; };
		3333E73721ED1C76007211E4 /* Assets.xcassets in Resources */ = {isa = PBXBuildFile; fileRef = 3333E73621ED1C76007211E4 /* Assets.xcassets */; };
		3333E73A21ED1C76007211E4 /* LaunchScreen.storyboard in Resources */ = {isa = PBXBuildFile; fileRef = 3333E73821ED1C76007211E4 /* LaunchScreen.storyboard */; };
		3333E74521ED1C77007211E4 /* OnTheMapTests.swift in Sources */ = {isa = PBXBuildFile; fileRef = 3333E74421ED1C77007211E4 /* OnTheMapTests.swift */; };
		3333E75021ED1E4B007211E4 /* LogInViewController.swift in Sources */ = {isa = PBXBuildFile; fileRef = 3333E74F21ED1E4B007211E4 /* LogInViewController.swift */; };
		3333E75521ED3275007211E4 /* interfaceViewController.swift in Sources */ = {isa = PBXBuildFile; fileRef = 3333E75421ED3275007211E4 /* interfaceViewController.swift */; };
		3333E75721ED368F007211E4 /* APINetwork.swift in Sources */ = {isa = PBXBuildFile; fileRef = 3333E75621ED368F007211E4 /* APINetwork.swift */; };
		3333E75921ED3752007211E4 /* APIConstants.swift in Sources */ = {isa = PBXBuildFile; fileRef = 3333E75821ED3752007211E4 /* APIConstants.swift */; };
		3333E75B21ED37F0007211E4 /* AllstudentLocation.swift in Sources */ = {isa = PBXBuildFile; fileRef = 3333E75A21ED37F0007211E4 /* AllstudentLocation.swift */; };
		3333E75D21ED385A007211E4 /* StudentLocationObject.swift in Sources */ = {isa = PBXBuildFile; fileRef = 3333E75C21ED385A007211E4 /* StudentLocationObject.swift */; };
		3333E75F21ED6A7B007211E4 /* UserData.swift in Sources */ = {isa = PBXBuildFile; fileRef = 3333E75E21ED6A7B007211E4 /* UserData.swift */; };
		33AFD1E021EF93830016FF6E /* TableViewController.swift in Sources */ = {isa = PBXBuildFile; fileRef = 33AFD1DF21EF93830016FF6E /* TableViewController.swift */; };
		33AFD1E221EF987F0016FF6E /* ShareController.swift in Sources */ = {isa = PBXBuildFile; fileRef = 33AFD1E121EF987F0016FF6E /* ShareController.swift */; };
		33AFD1E621F0F3910016FF6E /* MapViewController.swift in Sources */ = {isa = PBXBuildFile; fileRef = 33AFD1E521F0F3910016FF6E /* MapViewController.swift */; };
		33EDF15F21F1EBE300000E7E /* AddLocationView.swift in Sources */ = {isa = PBXBuildFile; fileRef = 33EDF15E21F1EBE300000E7E /* AddLocationView.swift */; };
		33EE771621F6564700DB30CC /* LocationInfoView.swift in Sources */ = {isa = PBXBuildFile; fileRef = 33EE771521F6564700DB30CC /* LocationInfoView.swift */; };
		33EE771821F6640A00DB30CC /* TableCellView.swift in Sources */ = {isa = PBXBuildFile; fileRef = 33EE771721F6640A00DB30CC /* TableCellView.swift */; };
/* End PBXBuildFile section */

/* Begin PBXContainerItemProxy section */
		3333E74121ED1C77007211E4 /* PBXContainerItemProxy */ = {
			isa = PBXContainerItemProxy;
			containerPortal = 3333E72421ED1C5A007211E4 /* Project object */;
			proxyType = 1;
			remoteGlobalIDString = 3333E72B21ED1C5A007211E4;
			remoteInfo = OnTheMap;
		};
/* End PBXContainerItemProxy section */

/* Begin PBXFileReference section */
		3333E72C21ED1C5A007211E4 /* OnTheMap.app */ = {isa = PBXFileReference; explicitFileType = wrapper.application; includeInIndex = 0; path = OnTheMap.app; sourceTree = BUILT_PRODUCTS_DIR; };
		3333E72F21ED1C5A007211E4 /* AppDelegate.swift */ = {isa = PBXFileReference; lastKnownFileType = sourcecode.swift; path = AppDelegate.swift; sourceTree = "<group>"; };
		3333E73421ED1C5A007211E4 /* Base */ = {isa = PBXFileReference; lastKnownFileType = file.storyboard; name = Base; path = Base.lproj/Main.storyboard; sourceTree = "<group>"; };
		3333E73621ED1C76007211E4 /* Assets.xcassets */ = {isa = PBXFileReference; lastKnownFileType = folder.assetcatalog; path = Assets.xcassets; sourceTree = "<group>"; };
		3333E73921ED1C76007211E4 /* Base */ = {isa = PBXFileReference; lastKnownFileType = file.storyboard; name = Base; path = Base.lproj/LaunchScreen.storyboard; sourceTree = "<group>"; };
		3333E73B21ED1C76007211E4 /* Info.plist */ = {isa = PBXFileReference; lastKnownFileType = text.plist.xml; path = Info.plist; sourceTree = "<group>"; };
		3333E74021ED1C77007211E4 /* OnTheMapTests.xctest */ = {isa = PBXFileReference; explicitFileType = wrapper.cfbundle; includeInIndex = 0; path = OnTheMapTests.xctest; sourceTree = BUILT_PRODUCTS_DIR; };
		3333E74421ED1C77007211E4 /* OnTheMapTests.swift */ = {isa = PBXFileReference; lastKnownFileType = sourcecode.swift; path = OnTheMapTests.swift; sourceTree = "<group>"; };
		3333E74621ED1C77007211E4 /* Info.plist */ = {isa = PBXFileReference; lastKnownFileType = text.plist.xml; path = Info.plist; sourceTree = "<group>"; };
		3333E74F21ED1E4B007211E4 /* LogInViewController.swift */ = {isa = PBXFileReference; lastKnownFileType = sourcecode.swift; path = LogInViewController.swift; sourceTree = "<group>"; };
		3333E75421ED3275007211E4 /* interfaceViewController.swift */ = {isa = PBXFileReference; lastKnownFileType = sourcecode.swift; path = interfaceViewController.swift; sourceTree = "<group>"; };
		3333E75621ED368F007211E4 /* APINetwork.swift */ = {isa = PBXFileReference; lastKnownFileType = sourcecode.swift; path = APINetwork.swift; sourceTree = "<group>"; };
		3333E75821ED3752007211E4 /* APIConstants.swift */ = {isa = PBXFileReference; lastKnownFileType = sourcecode.swift; path = APIConstants.swift; sourceTree = "<group>"; };
		3333E75A21ED37F0007211E4 /* AllstudentLocation.swift */ = {isa = PBXFileReference; lastKnownFileType = sourcecode.swift; path = AllstudentLocation.swift; sourceTree = "<group>"; };
		3333E75C21ED385A007211E4 /* StudentLocationObject.swift */ = {isa = PBXFileReference; lastKnownFileType = sourcecode.swift; path = StudentLocationObject.swift; sourceTree = "<group>"; };
		3333E75E21ED6A7B007211E4 /* UserData.swift */ = {isa = PBXFileReference; lastKnownFileType = sourcecode.swift; path = UserData.swift; sourceTree = "<group>"; };
		33AFD1DF21EF93830016FF6E /* TableViewController.swift */ = {isa = PBXFileReference; lastKnownFileType = sourcecode.swift; path = TableViewController.swift; sourceTree = "<group>"; };
		33AFD1E121EF987F0016FF6E /* ShareController.swift */ = {isa = PBXFileReference; lastKnownFileType = sourcecode.swift; path = ShareController.swift; sourceTree = "<group>"; };
		33AFD1E521F0F3910016FF6E /* MapViewController.swift */ = {isa = PBXFileReference; lastKnownFileType = sourcecode.swift; path = MapViewController.swift; sourceTree = "<group>"; };
		33EDF15E21F1EBE300000E7E /* AddLocationView.swift */ = {isa = PBXFileReference; lastKnownFileType = sourcecode.swift; path = AddLocationView.swift; sourceTree = "<group>"; };
		33EE771521F6564700DB30CC /* LocationInfoView.swift */ = {isa = PBXFileReference; lastKnownFileType = sourcecode.swift; path = LocationInfoView.swift; sourceTree = "<group>"; };
		33EE771721F6640A00DB30CC /* TableCellView.swift */ = {isa = PBXFileReference; lastKnownFileType = sourcecode.swift; path = TableCellView.swift; sourceTree = "<group>"; };
/* End PBXFileReference section */

/* Begin PBXFrameworksBuildPhase section */
		3333E72921ED1C5A007211E4 /* Frameworks */ = {
			isa = PBXFrameworksBuildPhase;
			buildActionMask = 2147483647;
			files = (
			);
			runOnlyForDeploymentPostprocessing = 0;
		};
		3333E73D21ED1C77007211E4 /* Frameworks */ = {
			isa = PBXFrameworksBuildPhase;
			buildActionMask = 2147483647;
			files = (
			);
			runOnlyForDeploymentPostprocessing = 0;
		};
/* End PBXFrameworksBuildPhase section */

/* Begin PBXGroup section */
		3333E72321ED1C5A007211E4 = {
			isa = PBXGroup;
			children = (
				3333E72E21ED1C5A007211E4 /* OnTheMap */,
				3333E74321ED1C77007211E4 /* OnTheMapTests */,
				3333E72D21ED1C5A007211E4 /* Products */,
			);
			sourceTree = "<group>";
		};
		3333E72D21ED1C5A007211E4 /* Products */ = {
			isa = PBXGroup;
			children = (
				3333E72C21ED1C5A007211E4 /* OnTheMap.app */,
				3333E74021ED1C77007211E4 /* OnTheMapTests.xctest */,
			);
			name = Products;
			sourceTree = "<group>";
		};
		3333E72E21ED1C5A007211E4 /* OnTheMap */ = {
			isa = PBXGroup;
			children = (
				33EE771421F6517500DB30CC /* Network */,
				334CE93321F1C2D8001DC6E7 /* Model */,
				3333E75121ED2661007211E4 /* Control */,
				3333E72F21ED1C5A007211E4 /* AppDelegate.swift */,
				3333E73321ED1C5A007211E4 /* Main.storyboard */,
				3333E73621ED1C76007211E4 /* Assets.xcassets */,
				3333E73821ED1C76007211E4 /* LaunchScreen.storyboard */,
				3333E73B21ED1C76007211E4 /* Info.plist */,
			);
			path = OnTheMap;
			sourceTree = "<group>";
		};
		3333E74321ED1C77007211E4 /* OnTheMapTests */ = {
			isa = PBXGroup;
			children = (
				3333E74421ED1C77007211E4 /* OnTheMapTests.swift */,
				3333E74621ED1C77007211E4 /* Info.plist */,
			);
			path = OnTheMapTests;
			sourceTree = "<group>";
		};
		3333E75121ED2661007211E4 /* Control */ = {
			isa = PBXGroup;
			children = (
				3333E74F21ED1E4B007211E4 /* LogInViewController.swift */,
				3333E75421ED3275007211E4 /* interfaceViewController.swift */,
				33AFD1DF21EF93830016FF6E /* TableViewController.swift */,
				33AFD1E121EF987F0016FF6E /* ShareController.swift */,
				33AFD1E521F0F3910016FF6E /* MapViewController.swift */,
				33EDF15E21F1EBE300000E7E /* AddLocationView.swift */,
				33EE771521F6564700DB30CC /* LocationInfoView.swift */,
				33EE771721F6640A00DB30CC /* TableCellView.swift */,
			);
			path = Control;
			sourceTree = "<group>";
		};
		334CE93321F1C2D8001DC6E7 /* Model */ = {
			isa = PBXGroup;
			children = (
				3333E75A21ED37F0007211E4 /* AllstudentLocation.swift */,
				3333E75C21ED385A007211E4 /* StudentLocationObject.swift */,
				3333E75E21ED6A7B007211E4 /* UserData.swift */,
			);
			path = Model;
			sourceTree = "<group>";
		};
		33EE771421F6517500DB30CC /* Network */ = {
			isa = PBXGroup;
			children = (
				3333E75821ED3752007211E4 /* APIConstants.swift */,
				3333E75621ED368F007211E4 /* APINetwork.swift */,
			);
			path = Network;
			sourceTree = "<group>";
		};
/* End PBXGroup section */

/* Begin PBXNativeTarget section */
		3333E72B21ED1C5A007211E4 /* OnTheMap */ = {
			isa = PBXNativeTarget;
			buildConfigurationList = 3333E74921ED1C77007211E4 /* Build configuration list for PBXNativeTarget "OnTheMap" */;
			buildPhases = (
				3333E72821ED1C5A007211E4 /* Sources */,
				3333E72921ED1C5A007211E4 /* Frameworks */,
				3333E72A21ED1C5A007211E4 /* Resources */,
			);
			buildRules = (
			);
			dependencies = (
			);
			name = OnTheMap;
			productName = OnTheMap;
			productReference = 3333E72C21ED1C5A007211E4 /* OnTheMap.app */;
			productType = "com.apple.product-type.application";
		};
		3333E73F21ED1C77007211E4 /* OnTheMapTests */ = {
			isa = PBXNativeTarget;
			buildConfigurationList = 3333E74C21ED1C77007211E4 /* Build configuration list for PBXNativeTarget "OnTheMapTests" */;
			buildPhases = (
				3333E73C21ED1C77007211E4 /* Sources */,
				3333E73D21ED1C77007211E4 /* Frameworks */,
				3333E73E21ED1C77007211E4 /* Resources */,
			);
			buildRules = (
			);
			dependencies = (
				3333E74221ED1C77007211E4 /* PBXTargetDependency */,
			);
			name = OnTheMapTests;
			productName = OnTheMapTests;
			productReference = 3333E74021ED1C77007211E4 /* OnTheMapTests.xctest */;
			productType = "com.apple.product-type.bundle.unit-test";
		};
/* End PBXNativeTarget section */

/* Begin PBXProject section */
		3333E72421ED1C5A007211E4 /* Project object */ = {
			isa = PBXProject;
			attributes = {
				LastSwiftUpdateCheck = 1000;
				LastUpgradeCheck = 1000;
				ORGANIZATIONNAME = udacity;
				TargetAttributes = {
					3333E72B21ED1C5A007211E4 = {
						CreatedOnToolsVersion = 10.0;
					};
					3333E73F21ED1C77007211E4 = {
						CreatedOnToolsVersion = 10.0;
						TestTargetID = 3333E72B21ED1C5A007211E4;
					};
				};
			};
			buildConfigurationList = 3333E72721ED1C5A007211E4 /* Build configuration list for PBXProject "OnTheMap" */;
			compatibilityVersion = "Xcode 9.3";
			developmentRegion = en;
			hasScannedForEncodings = 0;
			knownRegions = (
				en,
				Base,
			);
			mainGroup = 3333E72321ED1C5A007211E4;
			productRefGroup = 3333E72D21ED1C5A007211E4 /* Products */;
			projectDirPath = "";
			projectRoot = "";
			targets = (
				3333E72B21ED1C5A007211E4 /* OnTheMap */,
				3333E73F21ED1C77007211E4 /* OnTheMapTests */,
			);
		};
/* End PBXProject section */

/* Begin PBXResourcesBuildPhase section */
		3333E72A21ED1C5A007211E4 /* Resources */ = {
			isa = PBXResourcesBuildPhase;
			buildActionMask = 2147483647;
			files = (
				3333E73A21ED1C76007211E4 /* LaunchScreen.storyboard in Resources */,
				3333E73721ED1C76007211E4 /* Assets.xcassets in Resources */,
				3333E73521ED1C5A007211E4 /* Main.storyboard in Resources */,
			);
			runOnlyForDeploymentPostprocessing = 0;
		};
		3333E73E21ED1C77007211E4 /* Resources */ = {
			isa = PBXResourcesBuildPhase;
			buildActionMask = 2147483647;
			files = (
			);
			runOnlyForDeploymentPostprocessing = 0;
		};
/* End PBXResourcesBuildPhase section */

/* Begin PBXSourcesBuildPhase section */
		3333E72821ED1C5A007211E4 /* Sources */ = {
			isa = PBXSourcesBuildPhase;
			buildActionMask = 2147483647;
			files = (
				3333E75521ED3275007211E4 /* interfaceViewController.swift in Sources */,
				33EE771621F6564700DB30CC /* LocationInfoView.swift in Sources */,
				3333E75921ED3752007211E4 /* APIConstants.swift in Sources */,
				33AFD1E021EF93830016FF6E /* TableViewController.swift in Sources */,
				33AFD1E221EF987F0016FF6E /* ShareController.swift in Sources */,
				33EDF15F21F1EBE300000E7E /* AddLocationView.swift in Sources */,
				3333E75F21ED6A7B007211E4 /* UserData.swift in Sources */,
				3333E75721ED368F007211E4 /* APINetwork.swift in Sources */,
				33AFD1E621F0F3910016FF6E /* MapViewController.swift in Sources */,
				3333E73021ED1C5A007211E4 /* AppDelegate.swift in Sources */,
				3333E75D21ED385A007211E4 /* StudentLocationObject.swift in Sources */,
				33EE771821F6640A00DB30CC /* TableCellView.swift in Sources */,
				3333E75B21ED37F0007211E4 /* AllstudentLocation.swift in Sources */,
				3333E75021ED1E4B007211E4 /* LogInViewController.swift in Sources */,
			);
			runOnlyForDeploymentPostprocessing = 0;
		};
		3333E73C21ED1C77007211E4 /* Sources */ = {
			isa = PBXSourcesBuildPhase;
			buildActionMask = 2147483647;
			files = (
				3333E74521ED1C77007211E4 /* OnTheMapTests.swift in Sources */,
			);
			runOnlyForDeploymentPostprocessing = 0;
		};
/* End PBXSourcesBuildPhase section */

/* Begin PBXTargetDependency section */
		3333E74221ED1C77007211E4 /* PBXTargetDependency */ = {
			isa = PBXTargetDependency;
			target = 3333E72B21ED1C5A007211E4 /* OnTheMap */;
			targetProxy = 3333E74121ED1C77007211E4 /* PBXContainerItemProxy */;
		};
/* End PBXTargetDependency section */

/* Begin PBXVariantGroup section */
		3333E73321ED1C5A007211E4 /* Main.storyboard */ = {
			isa = PBXVariantGroup;
			children = (
				3333E73421ED1C5A007211E4 /* Base */,
			);
			name = Main.storyboard;
			sourceTree = "<group>";
		};
		3333E73821ED1C76007211E4 /* LaunchScreen.storyboard */ = {
			isa = PBXVariantGroup;
			children = (
				3333E73921ED1C76007211E4 /* Base */,
			);
			name = LaunchScreen.storyboard;
			sourceTree = "<group>";
		};
/* End PBXVariantGroup section */

/* Begin XCBuildConfiguration section */
		3333E74721ED1C77007211E4 /* Debug */ = {
			isa = XCBuildConfiguration;
			buildSettings = {
				ALWAYS_SEARCH_USER_PATHS = NO;
				CLANG_ANALYZER_NONNULL = YES;
				CLANG_ANALYZER_NUMBER_OBJECT_CONVERSION = YES_AGGRESSIVE;
				CLANG_CXX_LANGUAGE_STANDARD = "gnu++14";
				CLANG_CXX_LIBRARY = "libc++";
				CLANG_ENABLE_MODULES = YES;
				CLANG_ENABLE_OBJC_ARC = YES;
				CLANG_ENABLE_OBJC_WEAK = YES;
				CLANG_WARN_BLOCK_CAPTURE_AUTORELEASING = YES;
				CLANG_WARN_BOOL_CONVERSION = YES;
				CLANG_WARN_COMMA = YES;
				CLANG_WARN_CONSTANT_CONVERSION = YES;
				CLANG_WARN_DEPRECATED_OBJC_IMPLEMENTATIONS = YES;
				CLANG_WARN_DIRECT_OBJC_ISA_USAGE = YES_ERROR;
				CLANG_WARN_DOCUMENTATION_COMMENTS = YES;
				CLANG_WARN_EMPTY_BODY = YES;
				CLANG_WARN_ENUM_CONVERSION = YES;
				CLANG_WARN_INFINITE_RECURSION = YES;
				CLANG_WARN_INT_CONVERSION = YES;
				CLANG_WARN_NON_LITERAL_NULL_CONVERSION = YES;
				CLANG_WARN_OBJC_IMPLICIT_RETAIN_SELF = YES;
				CLANG_WARN_OBJC_LITERAL_CONVERSION = YES;
				CLANG_WARN_OBJC_ROOT_CLASS = YES_ERROR;
				CLANG_WARN_RANGE_LOOP_ANALYSIS = YES;
				CLANG_WARN_STRICT_PROTOTYPES = YES;
				CLANG_WARN_SUSPICIOUS_MOVE = YES;
				CLANG_WARN_UNGUARDED_AVAILABILITY = YES_AGGRESSIVE;
				CLANG_WARN_UNREACHABLE_CODE = YES;
				CLANG_WARN__DUPLICATE_METHOD_MATCH = YES;
				CODE_SIGN_IDENTITY = "iPhone Developer";
				COPY_PHASE_STRIP = NO;
				DEBUG_INFORMATION_FORMAT = dwarf;
				ENABLE_STRICT_OBJC_MSGSEND = YES;
				ENABLE_TESTABILITY = YES;
				GCC_C_LANGUAGE_STANDARD = gnu11;
				GCC_DYNAMIC_NO_PIC = NO;
				GCC_NO_COMMON_BLOCKS = YES;
				GCC_OPTIMIZATION_LEVEL = 0;
				GCC_PREPROCESSOR_DEFINITIONS = (
					"DEBUG=1",
					"$(inherited)",
				);
				GCC_WARN_64_TO_32_BIT_CONVERSION = YES;
				GCC_WARN_ABOUT_RETURN_TYPE = YES_ERROR;
				GCC_WARN_UNDECLARED_SELECTOR = YES;
				GCC_WARN_UNINITIALIZED_AUTOS = YES_AGGRESSIVE;
				GCC_WARN_UNUSED_FUNCTION = YES;
				GCC_WARN_UNUSED_VARIABLE = YES;
				IPHONEOS_DEPLOYMENT_TARGET = 12.0;
				MTL_ENABLE_DEBUG_INFO = INCLUDE_SOURCE;
				MTL_FAST_MATH = YES;
				ONLY_ACTIVE_ARCH = YES;
				SDKROOT = iphoneos;
				SWIFT_ACTIVE_COMPILATION_CONDITIONS = DEBUG;
				SWIFT_OPTIMIZATION_LEVEL = "-Onone";
			};
			name = Debug;
		};
		3333E74821ED1C77007211E4 /* Release */ = {
			isa = XCBuildConfiguration;
			buildSettings = {
				ALWAYS_SEARCH_USER_PATHS = NO;
				CLANG_ANALYZER_NONNULL = YES;
				CLANG_ANALYZER_NUMBER_OBJECT_CONVERSION = YES_AGGRESSIVE;
				CLANG_CXX_LANGUAGE_STANDARD = "gnu++14";
				CLANG_CXX_LIBRARY = "libc++";
				CLANG_ENABLE_MODULES = YES;
				CLANG_ENABLE_OBJC_ARC = YES;
				CLANG_ENABLE_OBJC_WEAK = YES;
				CLANG_WARN_BLOCK_CAPTURE_AUTORELEASING = YES;
				CLANG_WARN_BOOL_CONVERSION = YES;
				CLANG_WARN_COMMA = YES;
				CLANG_WARN_CONSTANT_CONVERSION = YES;
				CLANG_WARN_DEPRECATED_OBJC_IMPLEMENTATIONS = YES;
				CLANG_WARN_DIRECT_OBJC_ISA_USAGE = YES_ERROR;
				CLANG_WARN_DOCUMENTATION_COMMENTS = YES;
				CLANG_WARN_EMPTY_BODY = YES;
				CLANG_WARN_ENUM_CONVERSION = YES;
				CLANG_WARN_INFINITE_RECURSION = YES;
				CLANG_WARN_INT_CONVERSION = YES;
				CLANG_WARN_NON_LITERAL_NULL_CONVERSION = YES;
				CLANG_WARN_OBJC_IMPLICIT_RETAIN_SELF = YES;
				CLANG_WARN_OBJC_LITERAL_CONVERSION = YES;
				CLANG_WARN_OBJC_ROOT_CLASS = YES_ERROR;
				CLANG_WARN_RANGE_LOOP_ANALYSIS = YES;
				CLANG_WARN_STRICT_PROTOTYPES = YES;
				CLANG_WARN_SUSPICIOUS_MOVE = YES;
				CLANG_WARN_UNGUARDED_AVAILABILITY = YES_AGGRESSIVE;
				CLANG_WARN_UNREACHABLE_CODE = YES;
				CLANG_WARN__DUPLICATE_METHOD_MATCH = YES;
				CODE_SIGN_IDENTITY = "iPhone Developer";
				COPY_PHASE_STRIP = NO;
				DEBUG_INFORMATION_FORMAT = "dwarf-with-dsym";
				ENABLE_NS_ASSERTIONS = NO;
				ENABLE_STRICT_OBJC_MSGSEND = YES;
				GCC_C_LANGUAGE_STANDARD = gnu11;
				GCC_NO_COMMON_BLOCKS = YES;
				GCC_WARN_64_TO_32_BIT_CONVERSION = YES;
				GCC_WARN_ABOUT_RETURN_TYPE = YES_ERROR;
				GCC_WARN_UNDECLARED_SELECTOR = YES;
				GCC_WARN_UNINITIALIZED_AUTOS = YES_AGGRESSIVE;
				GCC_WARN_UNUSED_FUNCTION = YES;
				GCC_WARN_UNUSED_VARIABLE = YES;
				IPHONEOS_DEPLOYMENT_TARGET = 12.0;
				MTL_ENABLE_DEBUG_INFO = NO;
				MTL_FAST_MATH = YES;
				SDKROOT = iphoneos;
				SWIFT_COMPILATION_MODE = wholemodule;
				SWIFT_OPTIMIZATION_LEVEL = "-O";
				VALIDATE_PRODUCT = YES;
			};
			name = Release;
		};
		3333E74A21ED1C77007211E4 /* Debug */ = {
			isa = XCBuildConfiguration;
			buildSettings = {
				ASSETCATALOG_COMPILER_APPICON_NAME = AppIcon;
				CODE_SIGN_STYLE = Automatic;
				DEVELOPMENT_TEAM = "";
				INFOPLIST_FILE = OnTheMap/Info.plist;
				LD_RUNPATH_SEARCH_PATHS = (
					"$(inherited)",
					"@executable_path/Frameworks",
				);
				PRODUCT_BUNDLE_IDENTIFIER = com.samar.OnTheMap;
				PRODUCT_NAME = "$(TARGET_NAME)";
				SWIFT_VERSION = 4.2;
				TARGETED_DEVICE_FAMILY = "1,2";
			};
			name = Debug;
		};
		3333E74B21ED1C77007211E4 /* Release */ = {
			isa = XCBuildConfiguration;
			buildSettings = {
				ASSETCATALOG_COMPILER_APPICON_NAME = AppIcon;
				CODE_SIGN_STYLE = Automatic;
				DEVELOPMENT_TEAM = "";
				INFOPLIST_FILE = OnTheMap/Info.plist;
				LD_RUNPATH_SEARCH_PATHS = (
					"$(inherited)",
					"@executable_path/Frameworks",
				);
				PRODUCT_BUNDLE_IDENTIFIER = com.samar.OnTheMap;
				PRODUCT_NAME = "$(TARGET_NAME)";
				SWIFT_VERSION = 4.2;
				TARGETED_DEVICE_FAMILY = "1,2";
			};
			name = Release;
		};
		3333E74D21ED1C77007211E4 /* Debug */ = {
			isa = XCBuildConfiguration;
			buildSettings = {
				ALWAYS_EMBED_SWIFT_STANDARD_LIBRARIES = YES;
				BUNDLE_LOADER = "$(TEST_HOST)";
				CODE_SIGN_STYLE = Automatic;
				DEVELOPMENT_TEAM = 29ZR74WCXP;
				INFOPLIST_FILE = OnTheMapTests/Info.plist;
				LD_RUNPATH_SEARCH_PATHS = (
					"$(inherited)",
					"@executable_path/Frameworks",
					"@loader_path/Frameworks",
				);
				PRODUCT_BUNDLE_IDENTIFIER = com.samar.OnTheMapTests;
				PRODUCT_NAME = "$(TARGET_NAME)";
				SWIFT_VERSION = 4.2;
				TARGETED_DEVICE_FAMILY = "1,2";
				TEST_HOST = "$(BUILT_PRODUCTS_DIR)/OnTheMap.app/OnTheMap";
			};
			name = Debug;
		};
		3333E74E21ED1C77007211E4 /* Release */ = {
			isa = XCBuildConfiguration;
			buildSettings = {
				ALWAYS_EMBED_SWIFT_STANDARD_LIBRARIES = YES;
				BUNDLE_LOADER = "$(TEST_HOST)";
				CODE_SIGN_STYLE = Automatic;
				DEVELOPMENT_TEAM = 29ZR74WCXP;
				INFOPLIST_FILE = OnTheMapTests/Info.plist;
				LD_RUNPATH_SEARCH_PATHS = (
					"$(inherited)",
					"@executable_path/Frameworks",
					"@loader_path/Frameworks",
				);
				PRODUCT_BUNDLE_IDENTIFIER = com.samar.OnTheMapTests;
				PRODUCT_NAME = "$(TARGET_NAME)";
				SWIFT_VERSION = 4.2;
				TARGETED_DEVICE_FAMILY = "1,2";
				TEST_HOST = "$(BUILT_PRODUCTS_DIR)/OnTheMap.app/OnTheMap";
			};
			name = Release;
		};
/* End XCBuildConfiguration section */

/* Begin XCConfigurationList section */
		3333E72721ED1C5A007211E4 /* Build configuration list for PBXProject "OnTheMap" */ = {
			isa = XCConfigurationList;
			buildConfigurations = (
				3333E74721ED1C77007211E4 /* Debug */,
				3333E74821ED1C77007211E4 /* Release */,
			);
			defaultConfigurationIsVisible = 0;
			defaultConfigurationName = Release;
		};
		3333E74921ED1C77007211E4 /* Build configuration list for PBXNativeTarget "OnTheMap" */ = {
			isa = XCConfigurationList;
			buildConfigurations = (
				3333E74A21ED1C77007211E4 /* Debug */,
				3333E74B21ED1C77007211E4 /* Release */,
			);
			defaultConfigurationIsVisible = 0;
			defaultConfigurationName = Release;
		};
		3333E74C21ED1C77007211E4 /* Build configuration list for PBXNativeTarget "OnTheMapTests" */ = {
			isa = XCConfigurationList;
			buildConfigurations = (
				3333E74D21ED1C77007211E4 /* Debug */,
				3333E74E21ED1C77007211E4 /* Release */,
			);
			defaultConfigurationIsVisible = 0;
			defaultConfigurationName = Release;
		};
/* End XCConfigurationList section */
	};
	rootObject = 3333E72421ED1C5A007211E4 /* Project object */;
}
